{
  "version": 4,
  "terraform_version": "1.7.4",
  "serial": 13,
  "lineage": "b8d32204-9e2d-7205-a6d5-94d1ed98ed88",
  "outputs": {},
  "resources": [
    {
      "mode": "managed",
      "type": "github_repository",
      "name": "terraform-repo1",
      "provider": "provider[\"registry.terraform.io/hashicorp/github\"]",
      "instances": [
        {
          "schema_version": 1,
          "attributes": {
            "allow_auto_merge": false,
            "allow_merge_commit": true,
            "allow_rebase_merge": true,
            "allow_squash_merge": true,
            "allow_update_branch": false,
            "archive_on_destroy": null,
            "archived": false,
            "auto_init": null,
            "default_branch": "main",
            "delete_branch_on_merge": false,
            "description": "Repo created using terraform",
            "etag": "W/\"aefa0684e2e8dd3396402ccdfb634aebcb80f6e79904a74428f77d47e2f6b084\"",
            "full_name": "sanashaikh123/terraform-repo-2nd",
            "git_clone_url": "git://github.com/sanashaikh123/terraform-repo-2nd.git",
            "gitignore_template": null,
            "has_discussions": false,
            "has_downloads": false,
            "has_issues": false,
            "has_projects": false,
            "has_wiki": false,
            "homepage_url": "",
            "html_url": "https://github.com/sanashaikh123/terraform-repo-2nd",
            "http_clone_url": "https://github.com/sanashaikh123/terraform-repo-2nd.git",
            "id": "terraform-repo-2nd",
            "ignore_vulnerability_alerts_during_read": null,
            "is_template": false,
            "license_template": null,
            "merge_commit_message": "PR_TITLE",
            "merge_commit_title": "MERGE_MESSAGE",
            "name": "terraform-repo-2nd",
            "node_id": "R_kgDOLZyaEg",
            "pages": [],
            "primary_language": "",
            "private": false,
            "repo_id": 765237778,
            "security_and_analysis": [
              {
                "advanced_security": [],
                "secret_scanning": [
                  {
                    "status": "disabled"
                  }
                ],
                "secret_scanning_push_protection": [
                  {
                    "status": "disabled"
                  }
                ]
              }
            ],
            "squash_merge_commit_message": "COMMIT_MESSAGES",
            "squash_merge_commit_title": "COMMIT_OR_PR_TITLE",
            "ssh_clone_url": "git@github.com:sanashaikh123/terraform-repo-2nd.git",
            "svn_url": "https://github.com/sanashaikh123/terraform-repo-2nd",
            "template": [],
            "topics": [],
            "visibility": "public",
            "vulnerability_alerts": false,
            "web_commit_signoff_required": false
          },
          "sensitive_attributes": [],
          "private": "eyJzY2hlbWFfdmVyc2lvbiI6IjEifQ=="
        }
      ]
    }
  ],
  "check_results": null
}
